// !$*UTF8*$!
{
	archiveVersion = 1;
	classes = {
	};
	objectVersion = 46;
	objects = {

/* Begin PBXBuildFile section */
		1409C0A219251472008ADD25 /* Foundation.framework in Frameworks */ = {isa = PBXBuildFile; fileRef = 1409C0A119251472008ADD25 /* Foundation.framework */; };
		1409C0A419251472008ADD25 /* CoreGraphics.framework in Frameworks */ = {isa = PBXBuildFile; fileRef = 1409C0A319251472008ADD25 /* CoreGraphics.framework */; };
		1409C0A619251472008ADD25 /* UIKit.framework in Frameworks */ = {isa = PBXBuildFile; fileRef = 1409C0A519251472008ADD25 /* UIKit.framework */; };
		1409C0AC19251472008ADD25 /* InfoPlist.strings in Resources */ = {isa = PBXBuildFile; fileRef = 1409C0AA19251472008ADD25 /* InfoPlist.strings */; };
		1409C0AE19251472008ADD25 /* main.m in Sources */ = {isa = PBXBuildFile; fileRef = 1409C0AD19251472008ADD25 /* main.m */; };
		1409C0B219251472008ADD25 /* AppDelegate.m in Sources */ = {isa = PBXBuildFile; fileRef = 1409C0B119251472008ADD25 /* AppDelegate.m */; };
		1409C0B419251472008ADD25 /* Images.xcassets in Resources */ = {isa = PBXBuildFile; fileRef = 1409C0B319251472008ADD25 /* Images.xcassets */; };
		1409C0BB19251472008ADD25 /* XCTest.framework in Frameworks */ = {isa = PBXBuildFile; fileRef = 1409C0BA19251472008ADD25 /* XCTest.framework */; };
		1409C0BC19251472008ADD25 /* Foundation.framework in Frameworks */ = {isa = PBXBuildFile; fileRef = 1409C0A119251472008ADD25 /* Foundation.framework */; };
		1409C0BD19251472008ADD25 /* UIKit.framework in Frameworks */ = {isa = PBXBuildFile; fileRef = 1409C0A519251472008ADD25 /* UIKit.framework */; };
		1409C0C519251472008ADD25 /* InfoPlist.strings in Resources */ = {isa = PBXBuildFile; fileRef = 1409C0C319251472008ADD25 /* InfoPlist.strings */; };
		1409C0C719251472008ADD25 /* BuildNumberTests.m in Sources */ = {isa = PBXBuildFile; fileRef = 1409C0C619251472008ADD25 /* BuildNumberTests.m */; };
/* End PBXBuildFile section */

/* Begin PBXContainerItemProxy section */
		1409C0BE19251472008ADD25 /* PBXContainerItemProxy */ = {
			isa = PBXContainerItemProxy;
			containerPortal = 1409C09619251472008ADD25 /* Project object */;
			proxyType = 1;
			remoteGlobalIDString = 1409C09D19251472008ADD25;
			remoteInfo = BuildNumber;
		};
/* End PBXContainerItemProxy section */

/* Begin PBXFileReference section */
		1409C09E19251472008ADD25 /* BuildNumber.app */ = {isa = PBXFileReference; explicitFileType = wrapper.application; includeInIndex = 0; path = BuildNumber.app; sourceTree = BUILT_PRODUCTS_DIR; };
		1409C0A119251472008ADD25 /* Foundation.framework */ = {isa = PBXFileReference; lastKnownFileType = wrapper.framework; name = Foundation.framework; path = System/Library/Frameworks/Foundation.framework; sourceTree = SDKROOT; };
		1409C0A319251472008ADD25 /* CoreGraphics.framework */ = {isa = PBXFileReference; lastKnownFileType = wrapper.framework; name = CoreGraphics.framework; path = System/Library/Frameworks/CoreGraphics.framework; sourceTree = SDKROOT; };
		1409C0A519251472008ADD25 /* UIKit.framework */ = {isa = PBXFileReference; lastKnownFileType = wrapper.framework; name = UIKit.framework; path = System/Library/Frameworks/UIKit.framework; sourceTree = SDKROOT; };
		1409C0A919251472008ADD25 /* BuildNumber-Info.plist */ = {isa = PBXFileReference; lastKnownFileType = text.plist.xml; path = "BuildNumber-Info.plist"; sourceTree = "<group>"; };
		1409C0AB19251472008ADD25 /* en */ = {isa = PBXFileReference; lastKnownFileType = text.plist.strings; name = en; path = en.lproj/InfoPlist.strings; sourceTree = "<group>"; };
		1409C0AD19251472008ADD25 /* main.m */ = {isa = PBXFileReference; lastKnownFileType = sourcecode.c.objc; path = main.m; sourceTree = "<group>"; };
		1409C0AF19251472008ADD25 /* BuildNumber-Prefix.pch */ = {isa = PBXFileReference; lastKnownFileType = sourcecode.c.h; path = "BuildNumber-Prefix.pch"; sourceTree = "<group>"; };
		1409C0B019251472008ADD25 /* AppDelegate.h */ = {isa = PBXFileReference; lastKnownFileType = sourcecode.c.h; path = AppDelegate.h; sourceTree = "<group>"; };
		1409C0B119251472008ADD25 /* AppDelegate.m */ = {isa = PBXFileReference; lastKnownFileType = sourcecode.c.objc; path = AppDelegate.m; sourceTree = "<group>"; };
		1409C0B319251472008ADD25 /* Images.xcassets */ = {isa = PBXFileReference; lastKnownFileType = folder.assetcatalog; path = Images.xcassets; sourceTree = "<group>"; };
		1409C0B919251472008ADD25 /* BuildNumberTests.xctest */ = {isa = PBXFileReference; explicitFileType = wrapper.cfbundle; includeInIndex = 0; path = BuildNumberTests.xctest; sourceTree = BUILT_PRODUCTS_DIR; };
		1409C0BA19251472008ADD25 /* XCTest.framework */ = {isa = PBXFileReference; lastKnownFileType = wrapper.framework; name = XCTest.framework; path = Library/Frameworks/XCTest.framework; sourceTree = DEVELOPER_DIR; };
		1409C0C219251472008ADD25 /* BuildNumberTests-Info.plist */ = {isa = PBXFileReference; lastKnownFileType = text.plist.xml; path = "BuildNumberTests-Info.plist"; sourceTree = "<group>"; };
		1409C0C419251472008ADD25 /* en */ = {isa = PBXFileReference; lastKnownFileType = text.plist.strings; name = en; path = en.lproj/InfoPlist.strings; sourceTree = "<group>"; };
		1409C0C619251472008ADD25 /* BuildNumberTests.m */ = {isa = PBXFileReference; lastKnownFileType = sourcecode.c.objc; path = BuildNumberTests.m; sourceTree = "<group>"; };
/* End PBXFileReference section */

/* Begin PBXFrameworksBuildPhase section */
		1409C09B19251472008ADD25 /* Frameworks */ = {
			isa = PBXFrameworksBuildPhase;
			buildActionMask = 2147483647;
			files = (
				1409C0A419251472008ADD25 /* CoreGraphics.framework in Frameworks */,
				1409C0A619251472008ADD25 /* UIKit.framework in Frameworks */,
				1409C0A219251472008ADD25 /* Foundation.framework in Frameworks */,
			);
			runOnlyForDeploymentPostprocessing = 0;
		};
		1409C0B619251472008ADD25 /* Frameworks */ = {
			isa = PBXFrameworksBuildPhase;
			buildActionMask = 2147483647;
			files = (
				1409C0BB19251472008ADD25 /* XCTest.framework in Frameworks */,
				1409C0BD19251472008ADD25 /* UIKit.framework in Frameworks */,
				1409C0BC19251472008ADD25 /* Foundation.framework in Frameworks */,
			);
			runOnlyForDeploymentPostprocessing = 0;
		};
/* End PBXFrameworksBuildPhase section */

/* Begin PBXGroup section */
		1409C09519251472008ADD25 = {
			isa = PBXGroup;
			children = (
				1409C0A719251472008ADD25 /* BuildNumber */,
				1409C0C019251472008ADD25 /* BuildNumberTests */,
				1409C0A019251472008ADD25 /* Frameworks */,
				1409C09F19251472008ADD25 /* Products */,
			);
			sourceTree = "<group>";
		};
		1409C09F19251472008ADD25 /* Products */ = {
			isa = PBXGroup;
			children = (
				1409C09E19251472008ADD25 /* BuildNumber.app */,
				1409C0B919251472008ADD25 /* BuildNumberTests.xctest */,
			);
			name = Products;
			sourceTree = "<group>";
		};
		1409C0A019251472008ADD25 /* Frameworks */ = {
			isa = PBXGroup;
			children = (
				1409C0A119251472008ADD25 /* Foundation.framework */,
				1409C0A319251472008ADD25 /* CoreGraphics.framework */,
				1409C0A519251472008ADD25 /* UIKit.framework */,
				1409C0BA19251472008ADD25 /* XCTest.framework */,
			);
			name = Frameworks;
			sourceTree = "<group>";
		};
		1409C0A719251472008ADD25 /* BuildNumber */ = {
			isa = PBXGroup;
			children = (
				1409C0B019251472008ADD25 /* AppDelegate.h */,
				1409C0B119251472008ADD25 /* AppDelegate.m */,
				1409C0B319251472008ADD25 /* Images.xcassets */,
				1409C0A819251472008ADD25 /* Supporting Files */,
			);
			path = BuildNumber;
			sourceTree = "<group>";
		};
		1409C0A819251472008ADD25 /* Supporting Files */ = {
			isa = PBXGroup;
			children = (
				1409C0A919251472008ADD25 /* BuildNumber-Info.plist */,
				1409C0AA19251472008ADD25 /* InfoPlist.strings */,
				1409C0AD19251472008ADD25 /* main.m */,
				1409C0AF19251472008ADD25 /* BuildNumber-Prefix.pch */,
			);
			name = "Supporting Files";
			sourceTree = "<group>";
		};
		1409C0C019251472008ADD25 /* BuildNumberTests */ = {
			isa = PBXGroup;
			children = (
				1409C0C619251472008ADD25 /* BuildNumberTests.m */,
				1409C0C119251472008ADD25 /* Supporting Files */,
			);
			path = BuildNumberTests;
			sourceTree = "<group>";
		};
		1409C0C119251472008ADD25 /* Supporting Files */ = {
			isa = PBXGroup;
			children = (
				1409C0C219251472008ADD25 /* BuildNumberTests-Info.plist */,
				1409C0C319251472008ADD25 /* InfoPlist.strings */,
			);
			name = "Supporting Files";
			sourceTree = "<group>";
		};
/* End PBXGroup section */

/* Begin PBXNativeTarget section */
		1409C09D19251472008ADD25 /* BuildNumber */ = {
			isa = PBXNativeTarget;
			buildConfigurationList = 1409C0CA19251472008ADD25 /* Build configuration list for PBXNativeTarget "BuildNumber" */;
			buildPhases = (
				14A8CAE41925294E00FE2A44 /* ShellScript */,
				1409C09A19251472008ADD25 /* Sources */,
				1409C09B19251472008ADD25 /* Frameworks */,
				1409C09C19251472008ADD25 /* Resources */,
				1409C0D019251AD0008ADD25 /* ShellScript */,
			);
			buildRules = (
			);
			dependencies = (
			);
			name = BuildNumber;
			productName = BuildNumber;
			productReference = 1409C09E19251472008ADD25 /* BuildNumber.app */;
			productType = "com.apple.product-type.application";
		};
		1409C0B819251472008ADD25 /* BuildNumberTests */ = {
			isa = PBXNativeTarget;
			buildConfigurationList = 1409C0CD19251472008ADD25 /* Build configuration list for PBXNativeTarget "BuildNumberTests" */;
			buildPhases = (
				1409C0B519251472008ADD25 /* Sources */,
				1409C0B619251472008ADD25 /* Frameworks */,
				1409C0B719251472008ADD25 /* Resources */,
			);
			buildRules = (
			);
			dependencies = (
				1409C0BF19251472008ADD25 /* PBXTargetDependency */,
			);
			name = BuildNumberTests;
			productName = BuildNumberTests;
			productReference = 1409C0B919251472008ADD25 /* BuildNumberTests.xctest */;
			productType = "com.apple.product-type.bundle.unit-test";
		};
/* End PBXNativeTarget section */

/* Begin PBXProject section */
		1409C09619251472008ADD25 /* Project object */ = {
			isa = PBXProject;
			attributes = {
				LastUpgradeCheck = 0510;
				ORGANIZATIONNAME = "kishikawa katsumi";
				TargetAttributes = {
					1409C0B819251472008ADD25 = {
						TestTargetID = 1409C09D19251472008ADD25;
					};
				};
			};
			buildConfigurationList = 1409C09919251472008ADD25 /* Build configuration list for PBXProject "BuildNumber" */;
			compatibilityVersion = "Xcode 3.2";
			developmentRegion = English;
			hasScannedForEncodings = 0;
			knownRegions = (
				en,
			);
			mainGroup = 1409C09519251472008ADD25;
			productRefGroup = 1409C09F19251472008ADD25 /* Products */;
			projectDirPath = "";
			projectRoot = "";
			targets = (
				1409C09D19251472008ADD25 /* BuildNumber */,
				1409C0B819251472008ADD25 /* BuildNumberTests */,
			);
		};
/* End PBXProject section */

/* Begin PBXResourcesBuildPhase section */
		1409C09C19251472008ADD25 /* Resources */ = {
			isa = PBXResourcesBuildPhase;
			buildActionMask = 2147483647;
			files = (
				1409C0AC19251472008ADD25 /* InfoPlist.strings in Resources */,
				1409C0B419251472008ADD25 /* Images.xcassets in Resources */,
			);
			runOnlyForDeploymentPostprocessing = 0;
		};
		1409C0B719251472008ADD25 /* Resources */ = {
			isa = PBXResourcesBuildPhase;
			buildActionMask = 2147483647;
			files = (
				1409C0C519251472008ADD25 /* InfoPlist.strings in Resources */,
			);
			runOnlyForDeploymentPostprocessing = 0;
		};
/* End PBXResourcesBuildPhase section */

/* Begin PBXShellScriptBuildPhase section */
		1409C0D019251AD0008ADD25 /* ShellScript */ = {
			isa = PBXShellScriptBuildPhase;
			buildActionMask = 2147483647;
			files = (
			);
			inputPaths = (
			);
			outputPaths = (
			);
			runOnlyForDeploymentPostprocessing = 0;
			shellPath = /bin/sh;
			shellScript = "sh build_number.sh";
		};
		14A8CAE41925294E00FE2A44 /* ShellScript */ = {
			isa = PBXShellScriptBuildPhase;
			buildActionMask = 2147483647;
			files = (
			);
			inputPaths = (
			);
			outputPaths = (
			);
			runOnlyForDeploymentPostprocessing = 0;
			shellPath = /bin/sh;
			shellScript = "touch BuildNumber/BuildNumber-Info.plist";
		};
/* End PBXShellScriptBuildPhase section */

/* Begin PBXSourcesBuildPhase section */
		1409C09A19251472008ADD25 /* Sources */ = {
			isa = PBXSourcesBuildPhase;
			buildActionMask = 2147483647;
			files = (
				1409C0B219251472008ADD25 /* AppDelegate.m in Sources */,
				1409C0AE19251472008ADD25 /* main.m in Sources */,
			);
			runOnlyForDeploymentPostprocessing = 0;
		};
		1409C0B519251472008ADD25 /* Sources */ = {
			isa = PBXSourcesBuildPhase;
			buildActionMask = 2147483647;
			files = (
				1409C0C719251472008ADD25 /* BuildNumberTests.m in Sources */,
			);
			runOnlyForDeploymentPostprocessing = 0;
		};
/* End PBXSourcesBuildPhase section */

/* Begin PBXTargetDependency section */
		1409C0BF19251472008ADD25 /* PBXTargetDependency */ = {
			isa = PBXTargetDependency;
			target = 1409C09D19251472008ADD25 /* BuildNumber */;
			targetProxy = 1409C0BE19251472008ADD25 /* PBXContainerItemProxy */;
		};
/* End PBXTargetDependency section */

/* Begin PBXVariantGroup section */
		1409C0AA19251472008ADD25 /* InfoPlist.strings */ = {
			isa = PBXVariantGroup;
			children = (
				1409C0AB19251472008ADD25 /* en */,
			);
			name = InfoPlist.strings;
			sourceTree = "<group>";
		};
		1409C0C319251472008ADD25 /* InfoPlist.strings */ = {
			isa = PBXVariantGroup;
			children = (
				1409C0C419251472008ADD25 /* en */,
			);
			name = InfoPlist.strings;
			sourceTree = "<group>";
		};
/* End PBXVariantGroup section */

/* Begin XCBuildConfiguration section */
		1409C0C819251472008ADD25 /* Debug */ = {
			isa = XCBuildConfiguration;
			buildSettings = {
				ALWAYS_SEARCH_USER_PATHS = NO;
				CLANG_CXX_LANGUAGE_STANDARD = "gnu++0x";
				CLANG_CXX_LIBRARY = "libc++";
				CLANG_ENABLE_MODULES = YES;
				CLANG_ENABLE_OBJC_ARC = YES;
				CLANG_WARN_BOOL_CONVERSION = YES;
				CLANG_WARN_CONSTANT_CONVERSION = YES;
				CLANG_WARN_DIRECT_OBJC_ISA_USAGE = YES_ERROR;
				CLANG_WARN_EMPTY_BODY = YES;
				CLANG_WARN_ENUM_CONVERSION = YES;
				CLANG_WARN_INT_CONVERSION = YES;
				CLANG_WARN_OBJC_ROOT_CLASS = YES_ERROR;
				CLANG_WARN__DUPLICATE_METHOD_MATCH = YES;
				"CODE_SIGN_IDENTITY[sdk=iphoneos*]" = "iPhone Developer";
				COPY_PHASE_STRIP = NO;
				GCC_C_LANGUAGE_STANDARD = gnu99;
				GCC_DYNAMIC_NO_PIC = NO;
				GCC_OPTIMIZATION_LEVEL = 0;
				GCC_PREPROCESSOR_DEFINITIONS = (
					"DEBUG=1",
					"$(inherited)",
				);
				GCC_SYMBOLS_PRIVATE_EXTERN = NO;
				GCC_WARN_64_TO_32_BIT_CONVERSION = YES;
				GCC_WARN_ABOUT_RETURN_TYPE = YES_ERROR;
				GCC_WARN_UNDECLARED_SELECTOR = YES;
				GCC_WARN_UNINITIALIZED_AUTOS = YES_AGGRESSIVE;
				GCC_WARN_UNUSED_FUNCTION = YES;
				GCC_WARN_UNUSED_VARIABLE = YES;
				INFOPLIST_PREFIX_HEADER = BuildNumber.h;
				INFOPLIST_PREPROCESS = YES;
				INFOPLIST_PREPROCESSOR_DEFINITIONS = "DEBUG=1";
				IPHONEOS_DEPLOYMENT_TARGET = 7.1;
				ONLY_ACTIVE_ARCH = YES;
				SDKROOT = iphoneos;
			};
			name = Debug;
		};
		1409C0C919251472008ADD25 /* Release */ = {
			isa = XCBuildConfiguration;
			buildSettings = {
				ALWAYS_SEARCH_USER_PATHS = NO;
				CLANG_CXX_LANGUAGE_STANDARD = "gnu++0x";
				CLANG_CXX_LIBRARY = "libc++";
				CLANG_ENABLE_MODULES = YES;
				CLANG_ENABLE_OBJC_ARC = YES;
				CLANG_WARN_BOOL_CONVERSION = YES;
				CLANG_WARN_CONSTANT_CONVERSION = YES;
				CLANG_WARN_DIRECT_OBJC_ISA_USAGE = YES_ERROR;
				CLANG_WARN_EMPTY_BODY = YES;
				CLANG_WARN_ENUM_CONVERSION = YES;
				CLANG_WARN_INT_CONVERSION = YES;
				CLANG_WARN_OBJC_ROOT_CLASS = YES_ERROR;
				CLANG_WARN__DUPLICATE_METHOD_MATCH = YES;
				"CODE_SIGN_IDENTITY[sdk=iphoneos*]" = "iPhone Developer";
				COPY_PHASE_STRIP = YES;
				ENABLE_NS_ASSERTIONS = NO;
				GCC_C_LANGUAGE_STANDARD = gnu99;
				GCC_WARN_64_TO_32_BIT_CONVERSION = YES;
				GCC_WARN_ABOUT_RETURN_TYPE = YES_ERROR;
				GCC_WARN_UNDECLARED_SELECTOR = YES;
				GCC_WARN_UNINITIALIZED_AUTOS = YES_AGGRESSIVE;
				GCC_WARN_UNUSED_FUNCTION = YES;
				GCC_WARN_UNUSED_VARIABLE = YES;
				INFOPLIST_PREFIX_HEADER = BuildNumber.h;
				INFOPLIST_PREPROCESS = YES;
				IPHONEOS_DEPLOYMENT_TARGET = 7.1;
				SDKROOT = iphoneos;
				VALIDATE_PRODUCT = YES;
			};
			name = Release;
		};
		1409C0CB19251472008ADD25 /* Debug */ = {
			isa = XCBuildConfiguration;
			buildSettings = {
				ASSETCATALOG_COMPILER_APPICON_NAME = AppIcon;
				ASSETCATALOG_COMPILER_LAUNCHIMAGE_NAME = LaunchImage;
				GCC_PRECOMPILE_PREFIX_HEADER = YES;
				GCC_PREFIX_HEADER = "BuildNumber/BuildNumber-Prefix.pch";
				INFOPLIST_FILE = "BuildNumber/BuildNumber-Info.plist";
				PRODUCT_NAME = "$(TARGET_NAME)";
				WRAPPER_EXTENSION = app;
			};
			name = Debug;
		};
		1409C0CC19251472008ADD25 /* Release */ = {
			isa = XCBuildConfiguration;
			buildSettings = {
				ASSETCATALOG_COMPILER_APPICON_NAME = AppIcon;
				ASSETCATALOG_COMPILER_LAUNCHIMAGE_NAME = LaunchImage;
				GCC_PRECOMPILE_PREFIX_HEADER = YES;
				GCC_PREFIX_HEADER = "BuildNumber/BuildNumber-Prefix.pch";
				INFOPLIST_FILE = "BuildNumber/BuildNumber-Info.plist";
				PRODUCT_NAME = "$(TARGET_NAME)";
				WRAPPER_EXTENSION = app;
			};
			name = Release;
		};
		1409C0CE19251472008ADD25 /* Debug */ = {
			isa = XCBuildConfiguration;
			buildSettings = {
				BUNDLE_LOADER = "$(BUILT_PRODUCTS_DIR)/BuildNumber.app/BuildNumber";
				FRAMEWORK_SEARCH_PATHS = (
					"$(SDKROOT)/Developer/Library/Frameworks",
					"$(inherited)",
					"$(DEVELOPER_FRAMEWORKS_DIR)",
				);
				GCC_PRECOMPILE_PREFIX_HEADER = YES;
				GCC_PREFIX_HEADER = "BuildNumber/BuildNumber-Prefix.pch";
				GCC_PREPROCESSOR_DEFINITIONS = (
					"DEBUG=1",
					"$(inherited)",
				);
				INFOPLIST_FILE = "BuildNumberTests/BuildNumberTests-Info.plist";
				PRODUCT_NAME = "$(TARGET_NAME)";
				TEST_HOST = "$(BUNDLE_LOADER)";
				WRAPPER_EXTENSION = xctest;
			};
			name = Debug;
		};
		1409C0CF19251472008ADD25 /* Release */ = {
			isa = XCBuildConfiguration;
			buildSettings = {
				BUNDLE_LOADER = "$(BUILT_PRODUCTS_DIR)/BuildNumber.app/BuildNumber";
				FRAMEWORK_SEARCH_PATHS = (
					"$(SDKROOT)/Developer/Library/Frameworks",
					"$(inherited)",
					"$(DEVELOPER_FRAMEWORKS_DIR)",
				);
				GCC_PRECOMPILE_PREFIX_HEADER = YES;
				GCC_PREFIX_HEADER = "BuildNumber/BuildNumber-Prefix.pch";
				INFOPLIST_FILE = "BuildNumberTests/BuildNumberTests-Info.plist";
				PRODUCT_NAME = "$(TARGET_NAME)";
				TEST_HOST = "$(BUNDLE_LOADER)";
				WRAPPER_EXTENSION = xctest;
			};
			name = Release;
		};
/* End XCBuildConfiguration section */

/* Begin XCConfigurationList section */
		1409C09919251472008ADD25 /* Build configuration list for PBXProject "BuildNumber" */ = {
			isa = XCConfigurationList;
			buildConfigurations = (
				1409C0C819251472008ADD25 /* Debug */,
				1409C0C919251472008ADD25 /* Release */,
			);
			defaultConfigurationIsVisible = 0;
			defaultConfigurationName = Release;
		};
		1409C0CA19251472008ADD25 /* Build configuration list for PBXNativeTarget "BuildNumber" */ = {
			isa = XCConfigurationList;
			buildConfigurations = (
				1409C0CB19251472008ADD25 /* Debug */,
				1409C0CC19251472008ADD25 /* Release */,
			);
			defaultConfigurationIsVisible = 0;
			defaultConfigurationName = Release;
		};
		1409C0CD19251472008ADD25 /* Build configuration list for PBXNativeTarget "BuildNumberTests" */ = {
			isa = XCConfigurationList;
			buildConfigurations = (
				1409C0CE19251472008ADD25 /* Debug */,
				1409C0CF19251472008ADD25 /* Release */,
			);
			defaultConfigurationIsVisible = 0;
			defaultConfigurationName = Release;
		};
/* End XCConfigurationList section */
	};
	rootObject = 1409C09619251472008ADD25 /* Project object */;
}
